
Microsoft Visual Studio Solution File, Format Version 12.00
# Visual Studio 15
VisualStudioVersion = 15.0.28307.1525
MinimumVisualStudioVersion = 10.0.40219.1
Project("{FAE04EC0-301F-11D3-BF4B-00C04F79EFBC}") = "WebApplication1", "WebApplication1\WebApplication1.csproj", "{DBFC5004-363C-4566-A3FF-F36149F3C1C2}"
EndProject
Global
	GlobalSection(SolutionConfigurationPlatforms) = preSolution
		Debug|Any CPU = Debug|Any CPU
		Release|Any CPU = Release|Any CPU
	EndGlobalSection
	GlobalSection(ProjectConfigurationPlatforms) = postSolution
		{DBFC5004-363C-4566-A3FF-F36149F3C1C2}.Debug|Any CPU.ActiveCfg = Debug|Any CPU
		{DBFC5004-363C-4566-A3FF-F36149F3C1C2}.Debug|Any CPU.Build.0 = Debug|Any CPU
		{DBFC5004-363C-4566-A3FF-F36149F3C1C2}.Release|Any CPU.ActiveCfg = Release|Any CPU
		{DBFC5004-363C-4566-A3FF-F36149F3C1C2}.Release|Any CPU.Build.0 = Release|Any CPU
	EndGlobalSection
	GlobalSection(SolutionProperties) = preSolution
		HideSolutionNode = FALSE
	EndGlobalSection
	GlobalSection(ExtensibilityGlobals) = postSolution
		SolutionGuid = {F59ED3F0-C1D1-4D4A-BB37-D87A371FFC90}
	EndGlobalSection
EndGlobal
